
Microsoft Visual Studio Solution File, Format Version 12.00
# Visual Studio Version 17
VisualStudioVersion = 17.8.34330.188
MinimumVisualStudioVersion = 10.0.40219.1
Project("{FAE04EC0-301F-11D3-BF4B-00C04F79EFBC}") = "SinacorTestDev.WebAPI", "SinacorTestDev.WebAPI\SinacorTestDev.WebAPI.csproj", "{A4E22735-798A-40D4-880C-D7678088942A}"
EndProject
Project("{54A90642-561A-4BB1-A94E-469ADEE60C69}") = "SinacorTestDev.App", "SinacorTestDev.App\SinacorTestDev.App.esproj", "{7FAFCA99-7091-4F40-A793-2F0367B6208D}"
EndProject
Global
	GlobalSection(SolutionConfigurationPlatforms) = preSolution
		Debug|Any CPU = Debug|Any CPU
		Release|Any CPU = Release|Any CPU
	EndGlobalSection
	GlobalSection(ProjectConfigurationPlatforms) = postSolution
		{A4E22735-798A-40D4-880C-D7678088942A}.Debug|Any CPU.ActiveCfg = Debug|Any CPU
		{A4E22735-798A-40D4-880C-D7678088942A}.Debug|Any CPU.Build.0 = Debug|Any CPU
		{A4E22735-798A-40D4-880C-D7678088942A}.Release|Any CPU.ActiveCfg = Release|Any CPU
		{A4E22735-798A-40D4-880C-D7678088942A}.Release|Any CPU.Build.0 = Release|Any CPU
		{7FAFCA99-7091-4F40-A793-2F0367B6208D}.Debug|Any CPU.ActiveCfg = Debug|Any CPU
		{7FAFCA99-7091-4F40-A793-2F0367B6208D}.Debug|Any CPU.Build.0 = Debug|Any CPU
		{7FAFCA99-7091-4F40-A793-2F0367B6208D}.Debug|Any CPU.Deploy.0 = Debug|Any CPU
		{7FAFCA99-7091-4F40-A793-2F0367B6208D}.Release|Any CPU.ActiveCfg = Release|Any CPU
		{7FAFCA99-7091-4F40-A793-2F0367B6208D}.Release|Any CPU.Build.0 = Release|Any CPU
		{7FAFCA99-7091-4F40-A793-2F0367B6208D}.Release|Any CPU.Deploy.0 = Release|Any CPU
	EndGlobalSection
	GlobalSection(SolutionProperties) = preSolution
		HideSolutionNode = FALSE
	EndGlobalSection
	GlobalSection(ExtensibilityGlobals) = postSolution
		SolutionGuid = {16F52429-3482-4578-9FA8-1C300A33390B}
	EndGlobalSection
EndGlobal
